
Microsoft Visual Studio Solution File, Format Version 12.00
# Visual Studio Version 16
VisualStudioVersion = 16.0.30523.141
MinimumVisualStudioVersion = 10.0.40219.1
Project("{9A19103F-16F7-4668-BE54-9A1E7A4F7556}") = "Pg_Service", "Pg_Service\Pg_Service.csproj", "{E6587AE3-DD58-4CE5-95F0-036B2B46817F}"
EndProject
Project("{9A19103F-16F7-4668-BE54-9A1E7A4F7556}") = "CustomerService", "CustomerService\CustomerService.csproj", "{B2B54CF8-080C-47DE-B28A-A98F1CE66752}"
EndProject
Project("{9A19103F-16F7-4668-BE54-9A1E7A4F7556}") = "AuthService", "AuthService\AuthService.csproj", "{DE135DE4-246A-495C-A7B4-E37634CE8BC6}"
EndProject
Project("{9A19103F-16F7-4668-BE54-9A1E7A4F7556}") = "PgClientApplication", "PgClientApplication\PgClientApplication.csproj", "{84AC8DA7-1D70-457C-843D-D699B9832B14}"
EndProject
Project("{9A19103F-16F7-4668-BE54-9A1E7A4F7556}") = "PgTest", "PgTest\PgTest.csproj", "{B7C70EBC-522F-4503-B94C-F3BD5578DA6A}"
EndProject
Project("{9A19103F-16F7-4668-BE54-9A1E7A4F7556}") = "CustomerServiceTest", "CustomerServiceTest\CustomerServiceTest.csproj", "{D3277019-9DBC-45FE-9544-3977B2DCF1D1}"
EndProject
Project("{FAE04EC0-301F-11D3-BF4B-00C04F79EFBC}") = "AuthServiceTest", "AuthServiceTest\AuthServiceTest.csproj", "{BA616B52-2C0E-42FE-8D1B-F2E182BABC80}"
EndProject
Global
	GlobalSection(SolutionConfigurationPlatforms) = preSolution
		Debug|Any CPU = Debug|Any CPU
		Release|Any CPU = Release|Any CPU
	EndGlobalSection
	GlobalSection(ProjectConfigurationPlatforms) = postSolution
		{E6587AE3-DD58-4CE5-95F0-036B2B46817F}.Debug|Any CPU.ActiveCfg = Debug|Any CPU
		{E6587AE3-DD58-4CE5-95F0-036B2B46817F}.Debug|Any CPU.Build.0 = Debug|Any CPU
		{E6587AE3-DD58-4CE5-95F0-036B2B46817F}.Release|Any CPU.ActiveCfg = Release|Any CPU
		{E6587AE3-DD58-4CE5-95F0-036B2B46817F}.Release|Any CPU.Build.0 = Release|Any CPU
		{B2B54CF8-080C-47DE-B28A-A98F1CE66752}.Debug|Any CPU.ActiveCfg = Debug|Any CPU
		{B2B54CF8-080C-47DE-B28A-A98F1CE66752}.Debug|Any CPU.Build.0 = Debug|Any CPU
		{B2B54CF8-080C-47DE-B28A-A98F1CE66752}.Release|Any CPU.ActiveCfg = Release|Any CPU
		{B2B54CF8-080C-47DE-B28A-A98F1CE66752}.Release|Any CPU.Build.0 = Release|Any CPU
		{DE135DE4-246A-495C-A7B4-E37634CE8BC6}.Debug|Any CPU.ActiveCfg = Debug|Any CPU
		{DE135DE4-246A-495C-A7B4-E37634CE8BC6}.Debug|Any CPU.Build.0 = Debug|Any CPU
		{DE135DE4-246A-495C-A7B4-E37634CE8BC6}.Release|Any CPU.ActiveCfg = Release|Any CPU
		{DE135DE4-246A-495C-A7B4-E37634CE8BC6}.Release|Any CPU.Build.0 = Release|Any CPU
		{84AC8DA7-1D70-457C-843D-D699B9832B14}.Debug|Any CPU.ActiveCfg = Debug|Any CPU
		{84AC8DA7-1D70-457C-843D-D699B9832B14}.Debug|Any CPU.Build.0 = Debug|Any CPU
		{84AC8DA7-1D70-457C-843D-D699B9832B14}.Release|Any CPU.ActiveCfg = Release|Any CPU
		{84AC8DA7-1D70-457C-843D-D699B9832B14}.Release|Any CPU.Build.0 = Release|Any CPU
		{B7C70EBC-522F-4503-B94C-F3BD5578DA6A}.Debug|Any CPU.ActiveCfg = Debug|Any CPU
		{B7C70EBC-522F-4503-B94C-F3BD5578DA6A}.Debug|Any CPU.Build.0 = Debug|Any CPU
		{B7C70EBC-522F-4503-B94C-F3BD5578DA6A}.Release|Any CPU.ActiveCfg = Release|Any CPU
		{B7C70EBC-522F-4503-B94C-F3BD5578DA6A}.Release|Any CPU.Build.0 = Release|Any CPU
		{D3277019-9DBC-45FE-9544-3977B2DCF1D1}.Debug|Any CPU.ActiveCfg = Debug|Any CPU
		{D3277019-9DBC-45FE-9544-3977B2DCF1D1}.Debug|Any CPU.Build.0 = Debug|Any CPU
		{D3277019-9DBC-45FE-9544-3977B2DCF1D1}.Release|Any CPU.ActiveCfg = Release|Any CPU
		{D3277019-9DBC-45FE-9544-3977B2DCF1D1}.Release|Any CPU.Build.0 = Release|Any CPU
		{BA616B52-2C0E-42FE-8D1B-F2E182BABC80}.Debug|Any CPU.ActiveCfg = Debug|Any CPU
		{BA616B52-2C0E-42FE-8D1B-F2E182BABC80}.Debug|Any CPU.Build.0 = Debug|Any CPU
		{BA616B52-2C0E-42FE-8D1B-F2E182BABC80}.Release|Any CPU.ActiveCfg = Release|Any CPU
		{BA616B52-2C0E-42FE-8D1B-F2E182BABC80}.Release|Any CPU.Build.0 = Release|Any CPU
	EndGlobalSection
	GlobalSection(SolutionProperties) = preSolution
		HideSolutionNode = FALSE
	EndGlobalSection
	GlobalSection(ExtensibilityGlobals) = postSolution
		SolutionGuid = {34BF6A25-47E6-4453-A1DE-F36220CBFC14}
	EndGlobalSection
EndGlobal
